
Microsoft Visual Studio Solution File, Format Version 12.00
# Visual Studio 2012
Project("{FAE04EC0-301F-11D3-BF4B-00C04F79EFBC}") = "Kafka.Client", "Kafka.Client\Kafka.Client.csproj", "{F807111B-B542-4652-B65A-AF738842E34B}"
EndProject
Project("{FAE04EC0-301F-11D3-BF4B-00C04F79EFBC}") = "Kafka.Client.Tests", "Kafka.Client.Tests\Kafka.Client.Tests.csproj", "{B54BC763-5594-4512-ABA6-B907FC3FA595}"
EndProject
Global
	GlobalSection(SolutionConfigurationPlatforms) = preSolution
		Debug|Any CPU = Debug|Any CPU
		Release|Any CPU = Release|Any CPU
	EndGlobalSection
	GlobalSection(ProjectConfigurationPlatforms) = postSolution
		{F807111B-B542-4652-B65A-AF738842E34B}.Debug|Any CPU.ActiveCfg = Debug|Any CPU
		{F807111B-B542-4652-B65A-AF738842E34B}.Debug|Any CPU.Build.0 = Debug|Any CPU
		{F807111B-B542-4652-B65A-AF738842E34B}.Release|Any CPU.ActiveCfg = Release|Any CPU
		{F807111B-B542-4652-B65A-AF738842E34B}.Release|Any CPU.Build.0 = Release|Any CPU
		{B54BC763-5594-4512-ABA6-B907FC3FA595}.Debug|Any CPU.ActiveCfg = Debug|Any CPU
		{B54BC763-5594-4512-ABA6-B907FC3FA595}.Debug|Any CPU.Build.0 = Debug|Any CPU
		{B54BC763-5594-4512-ABA6-B907FC3FA595}.Release|Any CPU.ActiveCfg = Release|Any CPU
		{B54BC763-5594-4512-ABA6-B907FC3FA595}.Release|Any CPU.Build.0 = Release|Any CPU
	EndGlobalSection
	GlobalSection(SolutionProperties) = preSolution
		HideSolutionNode = FALSE
	EndGlobalSection
EndGlobal
